// !$*UTF8*$!
{
	archiveVersion = 1;
	classes = {
	};
	objectVersion = 48;
	objects = {

/* Begin PBXBuildFile section */
		64B0BFC3851F1523E4E79D65 /* Pods_gitSwole.framework in Frameworks */ = {isa = PBXBuildFile; fileRef = E2E953D4272458E5B1674B8B /* Pods_gitSwole.framework */; };
		8C244D9D1FD0CD740002865D /* MediaPlayer.swift in Sources */ = {isa = PBXBuildFile; fileRef = 8C244D9C1FD0CD740002865D /* MediaPlayer.swift */; };
		8C244D9F1FD0D6A70002865D /* LoginManager.swift in Sources */ = {isa = PBXBuildFile; fileRef = 8C244D9E1FD0D6A70002865D /* LoginManager.swift */; };
		8C244DA11FD0D9960002865D /* PlaylistViewController.swift in Sources */ = {isa = PBXBuildFile; fileRef = 8C244DA01FD0D9960002865D /* PlaylistViewController.swift */; };
		8C244DA31FD0DC810002865D /* SpotifyLoginViewController.swift in Sources */ = {isa = PBXBuildFile; fileRef = 8C244DA21FD0DC810002865D /* SpotifyLoginViewController.swift */; };
		8C244DA51FD0DCFD0002865D /* Playlist.swift in Sources */ = {isa = PBXBuildFile; fileRef = 8C244DA41FD0DCFD0002865D /* Playlist.swift */; };
		8C244DA71FD0DD9B0002865D /* UIColor.swift in Sources */ = {isa = PBXBuildFile; fileRef = 8C244DA61FD0DD9B0002865D /* UIColor.swift */; };
		8CA125811FDF5F1B00E66368 /* PlaylistTableViewCell.swift in Sources */ = {isa = PBXBuildFile; fileRef = 8CA125801FDF5F1B00E66368 /* PlaylistTableViewCell.swift */; };
		8CD4C3CA1FDB58EF00D5A564 /* DummyViewController.swift in Sources */ = {isa = PBXBuildFile; fileRef = 8CD4C3C91FDB58EF00D5A564 /* DummyViewController.swift */; };
		8CDA501D1FA94CFD00CED50D /* MainTabBarController.swift in Sources */ = {isa = PBXBuildFile; fileRef = 8CDA501B1FA94CFD00CED50D /* MainTabBarController.swift */; };
		8CDA501E1FA94CFD00CED50D /* SettingsViewController.swift in Sources */ = {isa = PBXBuildFile; fileRef = 8CDA501C1FA94CFD00CED50D /* SettingsViewController.swift */; };
		8CDF7AD71FC4E3E100FB397C /* WorkoutsViewController.swift in Sources */ = {isa = PBXBuildFile; fileRef = 8CDF7AD61FC4E3E100FB397C /* WorkoutsViewController.swift */; };
		8CDF7AD91FC4FA3A00FB397C /* SpotifyAuthentication.framework in Frameworks */ = {isa = PBXBuildFile; fileRef = 8CDF7AD81FC4FA3A00FB397C /* SpotifyAuthentication.framework */; };
		8CDF7ADD1FC4FC3B00FB397C /* AVFoundation.framework in Frameworks */ = {isa = PBXBuildFile; fileRef = 8CDF7ADC1FC4FC0D00FB397C /* AVFoundation.framework */; };
		8CDF7ADF1FC4FC5800FB397C /* SystemConfiguration.framework in Frameworks */ = {isa = PBXBuildFile; fileRef = 8CDF7ADE1FC4FC4900FB397C /* SystemConfiguration.framework */; };
		8CDF7AE51FC5010000FB397C /* SpotifyAudioPlayback.framework in Frameworks */ = {isa = PBXBuildFile; fileRef = 8CDF7AE41FC5010000FB397C /* SpotifyAudioPlayback.framework */; };
		8CDF7AE71FC5011B00FB397C /* SpotifyMetadata.framework in Frameworks */ = {isa = PBXBuildFile; fileRef = 8CDF7AE61FC5011B00FB397C /* SpotifyMetadata.framework */; };
		C4142FDD1FA94ECD00F3173E /* Meal.swift in Sources */ = {isa = PBXBuildFile; fileRef = C4142FDA1FA94EC700F3173E /* Meal.swift */; };
		C4142FDE1FA94ECD00F3173E /* NathanStoryboard.storyboard in Resources */ = {isa = PBXBuildFile; fileRef = C4142FDB1FA94EC700F3173E /* NathanStoryboard.storyboard */; };
		C4142FDF1FA94ECD00F3173E /* NutritionViewController.swift in Sources */ = {isa = PBXBuildFile; fileRef = C4142FDC1FA94EC800F3173E /* NutritionViewController.swift */; };
		C4142FE41FA94ED400F3173E /* WorkoutCell.swift in Sources */ = {isa = PBXBuildFile; fileRef = C4142FE01FA94ED200F3173E /* WorkoutCell.swift */; };
		C4142FE51FA94ED400F3173E /* WorkoutsTableViewController.swift in Sources */ = {isa = PBXBuildFile; fileRef = C4142FE11FA94ED200F3173E /* WorkoutsTableViewController.swift */; };
		C4142FE61FA94ED400F3173E /* WorkoutDetailViewController.swift in Sources */ = {isa = PBXBuildFile; fileRef = C4142FE21FA94ED300F3173E /* WorkoutDetailViewController.swift */; };
		C4142FE71FA94ED400F3173E /* Workout.swift in Sources */ = {isa = PBXBuildFile; fileRef = C4142FE31FA94ED300F3173E /* Workout.swift */; };
		C4142FE91FA9599900F3173E /* LoginViewController.swift in Sources */ = {isa = PBXBuildFile; fileRef = C4142FE81FA9599900F3173E /* LoginViewController.swift */; };
		C4142FEB1FA959D600F3173E /* SignUpViewController.swift in Sources */ = {isa = PBXBuildFile; fileRef = C4142FEA1FA959D600F3173E /* SignUpViewController.swift */; };
		C4142FED1FA96A2100F3173E /* ProgressViewController.swift in Sources */ = {isa = PBXBuildFile; fileRef = C4142FEC1FA96A2100F3173E /* ProgressViewController.swift */; };
		C41A870F1FD0DB2600D20840 /* CalorieCalculatorVC.swift in Sources */ = {isa = PBXBuildFile; fileRef = C41A870E1FD0DB2600D20840 /* CalorieCalculatorVC.swift */; };
		C4647AD21FDB61E40050C3FE /* CreateWorkoutVC.swift in Sources */ = {isa = PBXBuildFile; fileRef = C4647AD11FDB61E40050C3FE /* CreateWorkoutVC.swift */; };
		C4C048511FC4EA7A0061473A /* NutritionTableViewController.swift in Sources */ = {isa = PBXBuildFile; fileRef = C4C048501FC4EA7A0061473A /* NutritionTableViewController.swift */; };
		C4C048531FC4EB510061473A /* NutritionTableViewCell.swift in Sources */ = {isa = PBXBuildFile; fileRef = C4C048521FC4EB510061473A /* NutritionTableViewCell.swift */; };
		C4C048591FC4EF9E0061473A /* MealPlan.swift in Sources */ = {isa = PBXBuildFile; fileRef = C4C048581FC4EF9E0061473A /* MealPlan.swift */; };
		C4C0485B1FC4F9E60061473A /* NutritionDetailViewController.swift in Sources */ = {isa = PBXBuildFile; fileRef = C4C0485A1FC4F9E60061473A /* NutritionDetailViewController.swift */; };
		C4C0485D1FC51BFC0061473A /* CheckBox.swift in Sources */ = {isa = PBXBuildFile; fileRef = C4C0485C1FC51BFC0061473A /* CheckBox.swift */; };
		E12B34221FD0985C003FAB0F /* UserStateFormViewController.swift in Sources */ = {isa = PBXBuildFile; fileRef = E12B34211FD0985C003FAB0F /* UserStateFormViewController.swift */; };
		E145A5981FDC74EF00B1ADC3 /* ServiceAPI.swift in Sources */ = {isa = PBXBuildFile; fileRef = E145A5971FDC74EF00B1ADC3 /* ServiceAPI.swift */; };
		E145A59E1FDCC8BC00B1ADC3 /* DefaultUser.swift in Sources */ = {isa = PBXBuildFile; fileRef = E145A59D1FDCC8BC00B1ADC3 /* DefaultUser.swift */; };
		E145A5A91FDDE29200B1ADC3 /* TitleView.swift in Sources */ = {isa = PBXBuildFile; fileRef = E145A5A81FDDE29100B1ADC3 /* TitleView.swift */; };
		E14CD3AF1FC701EA00D89BA1 /* FirebaseConfig.json in Resources */ = {isa = PBXBuildFile; fileRef = E14CD3AE1FC701EA00D89BA1 /* FirebaseConfig.json */; };
		E14CD3B11FC72BCF00D89BA1 /* Exercise.swift in Sources */ = {isa = PBXBuildFile; fileRef = E14CD3B01FC72BCF00D89BA1 /* Exercise.swift */; };
		E14CD3B31FC7331100D89BA1 /* StateManager.swift in Sources */ = {isa = PBXBuildFile; fileRef = E14CD3B21FC7331100D89BA1 /* StateManager.swift */; };
		E14CD3B51FC7337100D89BA1 /* UserState.swift in Sources */ = {isa = PBXBuildFile; fileRef = E14CD3B41FC7337100D89BA1 /* UserState.swift */; };
		E14CD3B91FC7C39600D89BA1 /* HomeViewController.swift in Sources */ = {isa = PBXBuildFile; fileRef = E14CD3B81FC7C39600D89BA1 /* HomeViewController.swift */; };
		E15FEE771FCF36C300523AD2 /* Course.swift in Sources */ = {isa = PBXBuildFile; fileRef = E15FEE761FCF36C300523AD2 /* Course.swift */; };
		E15FEE7B1FCF517600523AD2 /* AppState.swift in Sources */ = {isa = PBXBuildFile; fileRef = E15FEE7A1FCF517600523AD2 /* AppState.swift */; };
		E15FEE7E1FCF687600523AD2 /* Config.swift in Sources */ = {isa = PBXBuildFile; fileRef = E15FEE7D1FCF687600523AD2 /* Config.swift */; };
		E15FEE831FD06F6700523AD2 /* PopularWorkoutCollectionViewCell.swift in Sources */ = {isa = PBXBuildFile; fileRef = E15FEE821FD06F6700523AD2 /* PopularWorkoutCollectionViewCell.swift */; };
		E15FEE851FD074B300523AD2 /* PopularMealPlanCollectionViewCell.swift in Sources */ = {isa = PBXBuildFile; fileRef = E15FEE841FD074B300523AD2 /* PopularMealPlanCollectionViewCell.swift */; };
		E15FEE871FD0757000523AD2 /* PopularMealPlansDelegate.swift in Sources */ = {isa = PBXBuildFile; fileRef = E15FEE861FD0757000523AD2 /* PopularMealPlansDelegate.swift */; };
		E16264031FC51E4700228C9E /* User.swift in Sources */ = {isa = PBXBuildFile; fileRef = E16264021FC51E4700228C9E /* User.swift */; };
		E175C4861FC60A9F0089E72E /* AuthManager.swift in Sources */ = {isa = PBXBuildFile; fileRef = E175C4851FC60A9F0089E72E /* AuthManager.swift */; };
		E175C4881FC65A3F0089E72E /* NickStoryboard.storyboard in Resources */ = {isa = PBXBuildFile; fileRef = E175C4871FC65A3F0089E72E /* NickStoryboard.storyboard */; };
		E17AAB1B1FC4D333005247C7 /* PersistanceManager.swift in Sources */ = {isa = PBXBuildFile; fileRef = E17AAB1A1FC4D333005247C7 /* PersistanceManager.swift */; };
		E1C8292C1FA2B0DB00522204 /* AppDelegate.swift in Sources */ = {isa = PBXBuildFile; fileRef = E1C8292B1FA2B0DB00522204 /* AppDelegate.swift */; };
		E1C829311FA2B0DB00522204 /* Main.storyboard in Resources */ = {isa = PBXBuildFile; fileRef = E1C8292F1FA2B0DB00522204 /* Main.storyboard */; };
		E1C829341FA2B0DB00522204 /* gitSwole.xcdatamodeld in Sources */ = {isa = PBXBuildFile; fileRef = E1C829321FA2B0DB00522204 /* gitSwole.xcdatamodeld */; };
		E1C829361FA2B0DB00522204 /* Assets.xcassets in Resources */ = {isa = PBXBuildFile; fileRef = E1C829351FA2B0DB00522204 /* Assets.xcassets */; };
		E1C829391FA2B0DB00522204 /* LaunchScreen.storyboard in Resources */ = {isa = PBXBuildFile; fileRef = E1C829371FA2B0DB00522204 /* LaunchScreen.storyboard */; };
		E1C829411FA2B14500522204 /* GoogleService-Info.plist in Resources */ = {isa = PBXBuildFile; fileRef = E1C829401FA2B14500522204 /* GoogleService-Info.plist */; };
/* End PBXBuildFile section */

/* Begin PBXFileReference section */
		30F154C6F91BE2EE172DAF0D /* Pods-gitSwole.release.xcconfig */ = {isa = PBXFileReference; includeInIndex = 1; lastKnownFileType = text.xcconfig; name = "Pods-gitSwole.release.xcconfig"; path = "Pods/Target Support Files/Pods-gitSwole/Pods-gitSwole.release.xcconfig"; sourceTree = "<group>"; };
		8C244D9C1FD0CD740002865D /* MediaPlayer.swift */ = {isa = PBXFileReference; lastKnownFileType = sourcecode.swift; path = MediaPlayer.swift; sourceTree = "<group>"; };
		8C244D9E1FD0D6A70002865D /* LoginManager.swift */ = {isa = PBXFileReference; lastKnownFileType = sourcecode.swift; path = LoginManager.swift; sourceTree = "<group>"; };
		8C244DA01FD0D9960002865D /* PlaylistViewController.swift */ = {isa = PBXFileReference; lastKnownFileType = sourcecode.swift; path = PlaylistViewController.swift; sourceTree = "<group>"; };
		8C244DA21FD0DC810002865D /* SpotifyLoginViewController.swift */ = {isa = PBXFileReference; lastKnownFileType = sourcecode.swift; path = SpotifyLoginViewController.swift; sourceTree = "<group>"; };
		8C244DA41FD0DCFD0002865D /* Playlist.swift */ = {isa = PBXFileReference; lastKnownFileType = sourcecode.swift; path = Playlist.swift; sourceTree = "<group>"; };
		8C244DA61FD0DD9B0002865D /* UIColor.swift */ = {isa = PBXFileReference; lastKnownFileType = sourcecode.swift; path = UIColor.swift; sourceTree = "<group>"; };
		8CA125801FDF5F1B00E66368 /* PlaylistTableViewCell.swift */ = {isa = PBXFileReference; lastKnownFileType = sourcecode.swift; path = PlaylistTableViewCell.swift; sourceTree = "<group>"; };
		8CD4C3C91FDB58EF00D5A564 /* DummyViewController.swift */ = {isa = PBXFileReference; lastKnownFileType = sourcecode.swift; path = DummyViewController.swift; sourceTree = "<group>"; };
		8CDA501B1FA94CFD00CED50D /* MainTabBarController.swift */ = {isa = PBXFileReference; fileEncoding = 4; lastKnownFileType = sourcecode.swift; path = MainTabBarController.swift; sourceTree = "<group>"; };
		8CDA501C1FA94CFD00CED50D /* SettingsViewController.swift */ = {isa = PBXFileReference; fileEncoding = 4; lastKnownFileType = sourcecode.swift; path = SettingsViewController.swift; sourceTree = "<group>"; };
		8CDF7AD61FC4E3E100FB397C /* WorkoutsViewController.swift */ = {isa = PBXFileReference; lastKnownFileType = sourcecode.swift; path = WorkoutsViewController.swift; sourceTree = "<group>"; };
		8CDF7AD81FC4FA3A00FB397C /* SpotifyAuthentication.framework */ = {isa = PBXFileReference; lastKnownFileType = wrapper.framework; path = SpotifyAuthentication.framework; sourceTree = "<group>"; };
		8CDF7ADC1FC4FC0D00FB397C /* AVFoundation.framework */ = {isa = PBXFileReference; lastKnownFileType = wrapper.framework; name = AVFoundation.framework; path = System/Library/Frameworks/AVFoundation.framework; sourceTree = SDKROOT; };
		8CDF7ADE1FC4FC4900FB397C /* SystemConfiguration.framework */ = {isa = PBXFileReference; lastKnownFileType = wrapper.framework; name = SystemConfiguration.framework; path = System/Library/Frameworks/SystemConfiguration.framework; sourceTree = SDKROOT; };
		8CDF7AE41FC5010000FB397C /* SpotifyAudioPlayback.framework */ = {isa = PBXFileReference; lastKnownFileType = wrapper.framework; path = SpotifyAudioPlayback.framework; sourceTree = "<group>"; };
		8CDF7AE61FC5011B00FB397C /* SpotifyMetadata.framework */ = {isa = PBXFileReference; lastKnownFileType = wrapper.framework; path = SpotifyMetadata.framework; sourceTree = "<group>"; };
		8CDF7AF11FC5130A00FB397C /* gitswole-Bridging-Header.h */ = {isa = PBXFileReference; lastKnownFileType = sourcecode.c.h; path = "gitswole-Bridging-Header.h"; sourceTree = "<group>"; };
		B44AB520063DBC96F4502F9B /* Pods-gitSwole.debug.xcconfig */ = {isa = PBXFileReference; includeInIndex = 1; lastKnownFileType = text.xcconfig; name = "Pods-gitSwole.debug.xcconfig"; path = "Pods/Target Support Files/Pods-gitSwole/Pods-gitSwole.debug.xcconfig"; sourceTree = "<group>"; };
		C4142FDA1FA94EC700F3173E /* Meal.swift */ = {isa = PBXFileReference; fileEncoding = 4; lastKnownFileType = sourcecode.swift; path = Meal.swift; sourceTree = "<group>"; };
		C4142FDB1FA94EC700F3173E /* NathanStoryboard.storyboard */ = {isa = PBXFileReference; fileEncoding = 4; lastKnownFileType = file.storyboard; path = NathanStoryboard.storyboard; sourceTree = "<group>"; };
		C4142FDC1FA94EC800F3173E /* NutritionViewController.swift */ = {isa = PBXFileReference; fileEncoding = 4; lastKnownFileType = sourcecode.swift; path = NutritionViewController.swift; sourceTree = "<group>"; };
		C4142FE01FA94ED200F3173E /* WorkoutCell.swift */ = {isa = PBXFileReference; fileEncoding = 4; lastKnownFileType = sourcecode.swift; path = WorkoutCell.swift; sourceTree = "<group>"; };
		C4142FE11FA94ED200F3173E /* WorkoutsTableViewController.swift */ = {isa = PBXFileReference; fileEncoding = 4; lastKnownFileType = sourcecode.swift; path = WorkoutsTableViewController.swift; sourceTree = "<group>"; };
		C4142FE21FA94ED300F3173E /* WorkoutDetailViewController.swift */ = {isa = PBXFileReference; fileEncoding = 4; lastKnownFileType = sourcecode.swift; path = WorkoutDetailViewController.swift; sourceTree = "<group>"; };
		C4142FE31FA94ED300F3173E /* Workout.swift */ = {isa = PBXFileReference; fileEncoding = 4; lastKnownFileType = sourcecode.swift; path = Workout.swift; sourceTree = "<group>"; };
		C4142FE81FA9599900F3173E /* LoginViewController.swift */ = {isa = PBXFileReference; lastKnownFileType = sourcecode.swift; path = LoginViewController.swift; sourceTree = "<group>"; };
		C4142FEA1FA959D600F3173E /* SignUpViewController.swift */ = {isa = PBXFileReference; lastKnownFileType = sourcecode.swift; path = SignUpViewController.swift; sourceTree = "<group>"; };
		C4142FEC1FA96A2100F3173E /* ProgressViewController.swift */ = {isa = PBXFileReference; lastKnownFileType = sourcecode.swift; path = ProgressViewController.swift; sourceTree = "<group>"; };
		C41A870E1FD0DB2600D20840 /* CalorieCalculatorVC.swift */ = {isa = PBXFileReference; lastKnownFileType = sourcecode.swift; path = CalorieCalculatorVC.swift; sourceTree = "<group>"; };
		C4647AD11FDB61E40050C3FE /* CreateWorkoutVC.swift */ = {isa = PBXFileReference; lastKnownFileType = sourcecode.swift; path = CreateWorkoutVC.swift; sourceTree = "<group>"; };
		C4C048501FC4EA7A0061473A /* NutritionTableViewController.swift */ = {isa = PBXFileReference; lastKnownFileType = sourcecode.swift; path = NutritionTableViewController.swift; sourceTree = "<group>"; };
		C4C048521FC4EB510061473A /* NutritionTableViewCell.swift */ = {isa = PBXFileReference; lastKnownFileType = sourcecode.swift; path = NutritionTableViewCell.swift; sourceTree = "<group>"; };
		C4C048571FC4EF470061473A /* gitSwole-Bridging-Header.h */ = {isa = PBXFileReference; lastKnownFileType = sourcecode.c.h; name = "gitSwole-Bridging-Header.h"; path = "gitSwole/gitSwole-Bridging-Header.h"; sourceTree = "<group>"; };
		C4C048581FC4EF9E0061473A /* MealPlan.swift */ = {isa = PBXFileReference; lastKnownFileType = sourcecode.swift; path = MealPlan.swift; sourceTree = "<group>"; };
		C4C0485A1FC4F9E60061473A /* NutritionDetailViewController.swift */ = {isa = PBXFileReference; lastKnownFileType = sourcecode.swift; path = NutritionDetailViewController.swift; sourceTree = "<group>"; };
		C4C0485C1FC51BFC0061473A /* CheckBox.swift */ = {isa = PBXFileReference; lastKnownFileType = sourcecode.swift; path = CheckBox.swift; sourceTree = "<group>"; };
		E12B34211FD0985C003FAB0F /* UserStateFormViewController.swift */ = {isa = PBXFileReference; lastKnownFileType = sourcecode.swift; path = UserStateFormViewController.swift; sourceTree = "<group>"; };
		E145A5971FDC74EF00B1ADC3 /* ServiceAPI.swift */ = {isa = PBXFileReference; lastKnownFileType = sourcecode.swift; path = ServiceAPI.swift; sourceTree = "<group>"; };
		E145A59D1FDCC8BC00B1ADC3 /* DefaultUser.swift */ = {isa = PBXFileReference; lastKnownFileType = sourcecode.swift; path = DefaultUser.swift; sourceTree = "<group>"; };
		E145A5A81FDDE29100B1ADC3 /* TitleView.swift */ = {isa = PBXFileReference; lastKnownFileType = sourcecode.swift; path = TitleView.swift; sourceTree = "<group>"; };
		E14CD3AE1FC701EA00D89BA1 /* FirebaseConfig.json */ = {isa = PBXFileReference; lastKnownFileType = text.json; path = FirebaseConfig.json; sourceTree = "<group>"; };
		E14CD3B01FC72BCF00D89BA1 /* Exercise.swift */ = {isa = PBXFileReference; lastKnownFileType = sourcecode.swift; path = Exercise.swift; sourceTree = "<group>"; };
		E14CD3B21FC7331100D89BA1 /* StateManager.swift */ = {isa = PBXFileReference; lastKnownFileType = sourcecode.swift; path = StateManager.swift; sourceTree = "<group>"; };
		E14CD3B41FC7337100D89BA1 /* UserState.swift */ = {isa = PBXFileReference; lastKnownFileType = sourcecode.swift; path = UserState.swift; sourceTree = "<group>"; };
		E14CD3B81FC7C39600D89BA1 /* HomeViewController.swift */ = {isa = PBXFileReference; fileEncoding = 4; lastKnownFileType = sourcecode.swift; path = HomeViewController.swift; sourceTree = "<group>"; };
		E15FEE761FCF36C300523AD2 /* Course.swift */ = {isa = PBXFileReference; lastKnownFileType = sourcecode.swift; path = Course.swift; sourceTree = "<group>"; };
		E15FEE7A1FCF517600523AD2 /* AppState.swift */ = {isa = PBXFileReference; lastKnownFileType = sourcecode.swift; path = AppState.swift; sourceTree = "<group>"; };
		E15FEE7D1FCF687600523AD2 /* Config.swift */ = {isa = PBXFileReference; lastKnownFileType = sourcecode.swift; path = Config.swift; sourceTree = "<group>"; };
		E15FEE821FD06F6700523AD2 /* PopularWorkoutCollectionViewCell.swift */ = {isa = PBXFileReference; lastKnownFileType = sourcecode.swift; path = PopularWorkoutCollectionViewCell.swift; sourceTree = "<group>"; };
		E15FEE841FD074B300523AD2 /* PopularMealPlanCollectionViewCell.swift */ = {isa = PBXFileReference; lastKnownFileType = sourcecode.swift; path = PopularMealPlanCollectionViewCell.swift; sourceTree = "<group>"; };
		E15FEE861FD0757000523AD2 /* PopularMealPlansDelegate.swift */ = {isa = PBXFileReference; lastKnownFileType = sourcecode.swift; path = PopularMealPlansDelegate.swift; sourceTree = "<group>"; };
		E16264021FC51E4700228C9E /* User.swift */ = {isa = PBXFileReference; lastKnownFileType = sourcecode.swift; path = User.swift; sourceTree = "<group>"; };
		E175C4851FC60A9F0089E72E /* AuthManager.swift */ = {isa = PBXFileReference; lastKnownFileType = sourcecode.swift; path = AuthManager.swift; sourceTree = "<group>"; };
		E175C4871FC65A3F0089E72E /* NickStoryboard.storyboard */ = {isa = PBXFileReference; lastKnownFileType = file.storyboard; path = NickStoryboard.storyboard; sourceTree = "<group>"; };
		E17AAB1A1FC4D333005247C7 /* PersistanceManager.swift */ = {isa = PBXFileReference; lastKnownFileType = sourcecode.swift; path = PersistanceManager.swift; sourceTree = "<group>"; };
		E1C829281FA2B0DA00522204 /* gitSwole.app */ = {isa = PBXFileReference; explicitFileType = wrapper.application; includeInIndex = 0; path = gitSwole.app; sourceTree = BUILT_PRODUCTS_DIR; };
		E1C8292B1FA2B0DB00522204 /* AppDelegate.swift */ = {isa = PBXFileReference; lastKnownFileType = sourcecode.swift; path = AppDelegate.swift; sourceTree = "<group>"; };
		E1C829301FA2B0DB00522204 /* Base */ = {isa = PBXFileReference; lastKnownFileType = file.storyboard; name = Base; path = Base.lproj/Main.storyboard; sourceTree = "<group>"; };
		E1C829331FA2B0DB00522204 /* gitSwole.xcdatamodel */ = {isa = PBXFileReference; lastKnownFileType = wrapper.xcdatamodel; path = gitSwole.xcdatamodel; sourceTree = "<group>"; };
		E1C829351FA2B0DB00522204 /* Assets.xcassets */ = {isa = PBXFileReference; lastKnownFileType = folder.assetcatalog; path = Assets.xcassets; sourceTree = "<group>"; };
		E1C829381FA2B0DB00522204 /* Base */ = {isa = PBXFileReference; lastKnownFileType = file.storyboard; name = Base; path = Base.lproj/LaunchScreen.storyboard; sourceTree = "<group>"; };
		E1C8293A1FA2B0DB00522204 /* Info.plist */ = {isa = PBXFileReference; lastKnownFileType = text.plist.xml; path = Info.plist; sourceTree = "<group>"; };
		E1C829401FA2B14500522204 /* GoogleService-Info.plist */ = {isa = PBXFileReference; fileEncoding = 4; lastKnownFileType = text.plist.xml; path = "GoogleService-Info.plist"; sourceTree = "<group>"; };
		E2E953D4272458E5B1674B8B /* Pods_gitSwole.framework */ = {isa = PBXFileReference; explicitFileType = wrapper.framework; includeInIndex = 0; path = Pods_gitSwole.framework; sourceTree = BUILT_PRODUCTS_DIR; };
/* End PBXFileReference section */

/* Begin PBXFrameworksBuildPhase section */
		E1C829251FA2B0DA00522204 /* Frameworks */ = {
			isa = PBXFrameworksBuildPhase;
			buildActionMask = 2147483647;
			files = (
				8CDF7ADF1FC4FC5800FB397C /* SystemConfiguration.framework in Frameworks */,
				8CDF7ADD1FC4FC3B00FB397C /* AVFoundation.framework in Frameworks */,
				64B0BFC3851F1523E4E79D65 /* Pods_gitSwole.framework in Frameworks */,
				8CDF7AE71FC5011B00FB397C /* SpotifyMetadata.framework in Frameworks */,
				8CDF7AD91FC4FA3A00FB397C /* SpotifyAuthentication.framework in Frameworks */,
				8CDF7AE51FC5010000FB397C /* SpotifyAudioPlayback.framework in Frameworks */,
			);
			runOnlyForDeploymentPostprocessing = 0;
		};
/* End PBXFrameworksBuildPhase section */

/* Begin PBXGroup section */
		4AE9C0C7F5B2D96D96F6797C /* Pods */ = {
			isa = PBXGroup;
			children = (
				B44AB520063DBC96F4502F9B /* Pods-gitSwole.debug.xcconfig */,
				30F154C6F91BE2EE172DAF0D /* Pods-gitSwole.release.xcconfig */,
			);
			name = Pods;
			sourceTree = "<group>";
		};
		8C244DA81FD0DFA20002865D /* MediaPlayer */ = {
			isa = PBXGroup;
			children = (
				8C244D9C1FD0CD740002865D /* MediaPlayer.swift */,
				8CA125801FDF5F1B00E66368 /* PlaylistTableViewCell.swift */,
				8C244DA01FD0D9960002865D /* PlaylistViewController.swift */,
				8C244DA41FD0DCFD0002865D /* Playlist.swift */,
				8CD4C3C91FDB58EF00D5A564 /* DummyViewController.swift */,
				8C244D9E1FD0D6A70002865D /* LoginManager.swift */,
				8C244DA61FD0DD9B0002865D /* UIColor.swift */,
				8C244DA21FD0DC810002865D /* SpotifyLoginViewController.swift */,
			);
			path = MediaPlayer;
			sourceTree = "<group>";
		};
		92F5E9DD933FBEE869D09CE6 /* Frameworks */ = {
			isa = PBXGroup;
			children = (
				8CDF7AE61FC5011B00FB397C /* SpotifyMetadata.framework */,
				8CDF7AE41FC5010000FB397C /* SpotifyAudioPlayback.framework */,
				8CDF7ADE1FC4FC4900FB397C /* SystemConfiguration.framework */,
				8CDF7ADC1FC4FC0D00FB397C /* AVFoundation.framework */,
				8CDF7AD81FC4FA3A00FB397C /* SpotifyAuthentication.framework */,
				E2E953D4272458E5B1674B8B /* Pods_gitSwole.framework */,
			);
			name = Frameworks;
			sourceTree = "<group>";
		};
		E14CD3A91FC6F71100D89BA1 /* Views */ = {
			isa = PBXGroup;
			children = (
				8CDA501B1FA94CFD00CED50D /* MainTabBarController.swift */,
				E14CD3B61FC7C29600D89BA1 /* MainViews */,
				E14CD3AC1FC6F82D00D89BA1 /* UIComponents */,
			);
			path = Views;
			sourceTree = "<group>";
		};
		E14CD3AA1FC6F73900D89BA1 /* Models */ = {
			isa = PBXGroup;
			children = (
				E16264021FC51E4700228C9E /* User.swift */,
				C4C048581FC4EF9E0061473A /* MealPlan.swift */,
				C4142FDA1FA94EC700F3173E /* Meal.swift */,
				E15FEE761FCF36C300523AD2 /* Course.swift */,
				C4142FE31FA94ED300F3173E /* Workout.swift */,
				E14CD3B01FC72BCF00D89BA1 /* Exercise.swift */,
				E15FEE7A1FCF517600523AD2 /* AppState.swift */,
				E14CD3B41FC7337100D89BA1 /* UserState.swift */,
			);
			path = Models;
			sourceTree = "<group>";
		};
		E14CD3AB1FC6F7F600D89BA1 /* Storyboards */ = {
			isa = PBXGroup;
			children = (
				E1C8292F1FA2B0DB00522204 /* Main.storyboard */,
				C4142FDB1FA94EC700F3173E /* NathanStoryboard.storyboard */,
				E175C4871FC65A3F0089E72E /* NickStoryboard.storyboard */,
				E1C829371FA2B0DB00522204 /* LaunchScreen.storyboard */,
			);
			path = Storyboards;
			sourceTree = "<group>";
		};
		E14CD3AC1FC6F82D00D89BA1 /* UIComponents */ = {
			isa = PBXGroup;
			children = (
				C4C0485C1FC51BFC0061473A /* CheckBox.swift */,
				E15FEE821FD06F6700523AD2 /* PopularWorkoutCollectionViewCell.swift */,
				E15FEE841FD074B300523AD2 /* PopularMealPlanCollectionViewCell.swift */,
				E15FEE861FD0757000523AD2 /* PopularMealPlansDelegate.swift */,
				E145A5A81FDDE29100B1ADC3 /* TitleView.swift */,
			);
			path = UIComponents;
			sourceTree = "<group>";
		};
		E14CD3AD1FC6F86C00D89BA1 /* Services */ = {
			isa = PBXGroup;
			children = (
				E14CD3B21FC7331100D89BA1 /* StateManager.swift */,
				E17AAB1A1FC4D333005247C7 /* PersistanceManager.swift */,
				E175C4851FC60A9F0089E72E /* AuthManager.swift */,
				E145A5971FDC74EF00B1ADC3 /* ServiceAPI.swift */,
				E145A59D1FDCC8BC00B1ADC3 /* DefaultUser.swift */,
			);
			path = Services;
			sourceTree = "<group>";
		};
		E14CD3B61FC7C29600D89BA1 /* MainViews */ = {
			isa = PBXGroup;
			children = (
				E14CD3B81FC7C39600D89BA1 /* HomeViewController.swift */,
				8CDF7AD61FC4E3E100FB397C /* WorkoutsViewController.swift */,
				C4142FDC1FA94EC800F3173E /* NutritionViewController.swift */,
				C4142FEC1FA96A2100F3173E /* ProgressViewController.swift */,
				8CDA501C1FA94CFD00CED50D /* SettingsViewController.swift */,
				8C244DA81FD0DFA20002865D /* MediaPlayer */,
				E14CD3BD1FC7C48B00D89BA1 /* Home */,
				E14CD3BB1FC7C41F00D89BA1 /* Workouts */,
				E14CD3BC1FC7C44200D89BA1 /* Nutrition */,
			);
			path = MainViews;
			sourceTree = "<group>";
		};
		E14CD3BB1FC7C41F00D89BA1 /* Workouts */ = {
			isa = PBXGroup;
			children = (
				C4142FE01FA94ED200F3173E /* WorkoutCell.swift */,
				C4142FE11FA94ED200F3173E /* WorkoutsTableViewController.swift */,
				C4142FE21FA94ED300F3173E /* WorkoutDetailViewController.swift */,
				C4647AD11FDB61E40050C3FE /* CreateWorkoutVC.swift */,
			);
			path = Workouts;
			sourceTree = "<group>";
		};
		E14CD3BC1FC7C44200D89BA1 /* Nutrition */ = {
			isa = PBXGroup;
			children = (
				C4C048521FC4EB510061473A /* NutritionTableViewCell.swift */,
				C4C048501FC4EA7A0061473A /* NutritionTableViewController.swift */,
				C4C0485A1FC4F9E60061473A /* NutritionDetailViewController.swift */,
				C41A870E1FD0DB2600D20840 /* CalorieCalculatorVC.swift */,
			);
			path = Nutrition;
			sourceTree = "<group>";
		};
		E14CD3BD1FC7C48B00D89BA1 /* Home */ = {
			isa = PBXGroup;
			children = (
				C4142FEA1FA959D600F3173E /* SignUpViewController.swift */,
				C4142FE81FA9599900F3173E /* LoginViewController.swift */,
				E12B34211FD0985C003FAB0F /* UserStateFormViewController.swift */,
			);
			path = Home;
			sourceTree = "<group>";
		};
		E1C8291F1FA2B0DA00522204 = {
			isa = PBXGroup;
			children = (
				C4C048571FC4EF470061473A /* gitSwole-Bridging-Header.h */,
				E1C8292A1FA2B0DA00522204 /* gitSwole */,
				E1C829291FA2B0DA00522204 /* Products */,
				4AE9C0C7F5B2D96D96F6797C /* Pods */,
				92F5E9DD933FBEE869D09CE6 /* Frameworks */,
			);
			sourceTree = "<group>";
		};
		E1C829291FA2B0DA00522204 /* Products */ = {
			isa = PBXGroup;
			children = (
				E1C829281FA2B0DA00522204 /* gitSwole.app */,
			);
			name = Products;
			sourceTree = "<group>";
		};
		E1C8292A1FA2B0DA00522204 /* gitSwole */ = {
			isa = PBXGroup;
			children = (
				E14CD3AD1FC6F86C00D89BA1 /* Services */,
				E14CD3AA1FC6F73900D89BA1 /* Models */,
				E14CD3A91FC6F71100D89BA1 /* Views */,
				E1C8292B1FA2B0DB00522204 /* AppDelegate.swift */,
				E15FEE7D1FCF687600523AD2 /* Config.swift */,
				E14CD3AE1FC701EA00D89BA1 /* FirebaseConfig.json */,
				E14CD3AB1FC6F7F600D89BA1 /* Storyboards */,
				E1C829351FA2B0DB00522204 /* Assets.xcassets */,
				E1C829401FA2B14500522204 /* GoogleService-Info.plist */,
				E1C8293A1FA2B0DB00522204 /* Info.plist */,
				8CDF7AF11FC5130A00FB397C /* gitswole-Bridging-Header.h */,
				E1C829321FA2B0DB00522204 /* gitSwole.xcdatamodeld */,
			);
			path = gitSwole;
			sourceTree = "<group>";
		};
/* End PBXGroup section */

/* Begin PBXNativeTarget section */
		E1C829271FA2B0DA00522204 /* gitSwole */ = {
			isa = PBXNativeTarget;
			buildConfigurationList = E1C8293D1FA2B0DB00522204 /* Build configuration list for PBXNativeTarget "gitSwole" */;
			buildPhases = (
				6E9FD1337CB2D44EA9247D08 /* [CP] Check Pods Manifest.lock */,
				E1C829241FA2B0DA00522204 /* Sources */,
				E1C829251FA2B0DA00522204 /* Frameworks */,
				E1C829261FA2B0DA00522204 /* Resources */,
				B4CAAC58E1405B15548D3760 /* [CP] Embed Pods Frameworks */,
				1A4DCCBDAFC7CE865207BECD /* [CP] Copy Pods Resources */,
			);
			buildRules = (
			);
			dependencies = (
			);
			name = gitSwole;
			productName = gitSwole;
			productReference = E1C829281FA2B0DA00522204 /* gitSwole.app */;
			productType = "com.apple.product-type.application";
		};
/* End PBXNativeTarget section */

/* Begin PBXProject section */
		E1C829201FA2B0DA00522204 /* Project object */ = {
			isa = PBXProject;
			attributes = {
				LastSwiftUpdateCheck = 0900;
				LastUpgradeCheck = 0900;
				ORGANIZATIONNAME = gitSwoleLLC;
				TargetAttributes = {
					E1C829271FA2B0DA00522204 = {
						CreatedOnToolsVersion = 9.0.1;
						LastSwiftMigration = 0910;
						ProvisioningStyle = Automatic;
					};
				};
			};
			buildConfigurationList = E1C829231FA2B0DA00522204 /* Build configuration list for PBXProject "gitSwole" */;
			compatibilityVersion = "Xcode 8.0";
			developmentRegion = en;
			hasScannedForEncodings = 0;
			knownRegions = (
				en,
				Base,
			);
			mainGroup = E1C8291F1FA2B0DA00522204;
			productRefGroup = E1C829291FA2B0DA00522204 /* Products */;
			projectDirPath = "";
			projectRoot = "";
			targets = (
				E1C829271FA2B0DA00522204 /* gitSwole */,
			);
		};
/* End PBXProject section */

/* Begin PBXResourcesBuildPhase section */
		E1C829261FA2B0DA00522204 /* Resources */ = {
			isa = PBXResourcesBuildPhase;
			buildActionMask = 2147483647;
			files = (
				E1C829391FA2B0DB00522204 /* LaunchScreen.storyboard in Resources */,
				E1C829411FA2B14500522204 /* GoogleService-Info.plist in Resources */,
				E175C4881FC65A3F0089E72E /* NickStoryboard.storyboard in Resources */,
				E1C829361FA2B0DB00522204 /* Assets.xcassets in Resources */,
				E1C829311FA2B0DB00522204 /* Main.storyboard in Resources */,
				C4142FDE1FA94ECD00F3173E /* NathanStoryboard.storyboard in Resources */,
				E14CD3AF1FC701EA00D89BA1 /* FirebaseConfig.json in Resources */,
			);
			runOnlyForDeploymentPostprocessing = 0;
		};
/* End PBXResourcesBuildPhase section */

/* Begin PBXShellScriptBuildPhase section */
		1A4DCCBDAFC7CE865207BECD /* [CP] Copy Pods Resources */ = {
			isa = PBXShellScriptBuildPhase;
			buildActionMask = 2147483647;
			files = (
			);
			inputPaths = (
			);
			name = "[CP] Copy Pods Resources";
			outputPaths = (
			);
			runOnlyForDeploymentPostprocessing = 0;
			shellPath = /bin/sh;
			shellScript = "\"${SRCROOT}/Pods/Target Support Files/Pods-gitSwole/Pods-gitSwole-resources.sh\"\n";
			showEnvVarsInLog = 0;
		};
		6E9FD1337CB2D44EA9247D08 /* [CP] Check Pods Manifest.lock */ = {
			isa = PBXShellScriptBuildPhase;
			buildActionMask = 2147483647;
			files = (
			);
			inputPaths = (
				"${PODS_PODFILE_DIR_PATH}/Podfile.lock",
				"${PODS_ROOT}/Manifest.lock",
			);
			name = "[CP] Check Pods Manifest.lock";
			outputPaths = (
				"$(DERIVED_FILE_DIR)/Pods-gitSwole-checkManifestLockResult.txt",
			);
			runOnlyForDeploymentPostprocessing = 0;
			shellPath = /bin/sh;
			shellScript = "diff \"${PODS_PODFILE_DIR_PATH}/Podfile.lock\" \"${PODS_ROOT}/Manifest.lock\" > /dev/null\nif [ $? != 0 ] ; then\n    # print error to STDERR\n    echo \"error: The sandbox is not in sync with the Podfile.lock. Run 'pod install' or update your CocoaPods installation.\" >&2\n    exit 1\nfi\n# This output is used by Xcode 'outputs' to avoid re-running this script phase.\necho \"SUCCESS\" > \"${SCRIPT_OUTPUT_FILE_0}\"\n";
			showEnvVarsInLog = 0;
		};
		B4CAAC58E1405B15548D3760 /* [CP] Embed Pods Frameworks */ = {
			isa = PBXShellScriptBuildPhase;
			buildActionMask = 2147483647;
			files = (
			);
			inputPaths = (
				"${SRCROOT}/Pods/Target Support Files/Pods-gitSwole/Pods-gitSwole-frameworks.sh",
				"${BUILT_PRODUCTS_DIR}/GTMSessionFetcher/GTMSessionFetcher.framework",
				"${BUILT_PRODUCTS_DIR}/GoogleToolboxForMac/GoogleToolboxForMac.framework",
				"${BUILT_PRODUCTS_DIR}/Hex/Hex.framework",
				"${BUILT_PRODUCTS_DIR}/SDWebImage/SDWebImage.framework",
				"${BUILT_PRODUCTS_DIR}/leveldb-library/leveldb.framework",
				"${BUILT_PRODUCTS_DIR}/nanopb/nanopb.framework",
			);
			name = "[CP] Embed Pods Frameworks";
			outputPaths = (
				"${TARGET_BUILD_DIR}/${FRAMEWORKS_FOLDER_PATH}/GTMSessionFetcher.framework",
				"${TARGET_BUILD_DIR}/${FRAMEWORKS_FOLDER_PATH}/GoogleToolboxForMac.framework",
				"${TARGET_BUILD_DIR}/${FRAMEWORKS_FOLDER_PATH}/Hex.framework",
				"${TARGET_BUILD_DIR}/${FRAMEWORKS_FOLDER_PATH}/SDWebImage.framework",
				"${TARGET_BUILD_DIR}/${FRAMEWORKS_FOLDER_PATH}/leveldb.framework",
				"${TARGET_BUILD_DIR}/${FRAMEWORKS_FOLDER_PATH}/nanopb.framework",
			);
			runOnlyForDeploymentPostprocessing = 0;
			shellPath = /bin/sh;
			shellScript = "\"${SRCROOT}/Pods/Target Support Files/Pods-gitSwole/Pods-gitSwole-frameworks.sh\"\n";
			showEnvVarsInLog = 0;
		};
/* End PBXShellScriptBuildPhase section */

/* Begin PBXSourcesBuildPhase section */
		E1C829241FA2B0DA00522204 /* Sources */ = {
			isa = PBXSourcesBuildPhase;
			buildActionMask = 2147483647;
			files = (
				C4C048531FC4EB510061473A /* NutritionTableViewCell.swift in Sources */,
				E15FEE851FD074B300523AD2 /* PopularMealPlanCollectionViewCell.swift in Sources */,
				8C244DA31FD0DC810002865D /* SpotifyLoginViewController.swift in Sources */,
				E1C829341FA2B0DB00522204 /* gitSwole.xcdatamodeld in Sources */,
				C4142FE91FA9599900F3173E /* LoginViewController.swift in Sources */,
				E12B34221FD0985C003FAB0F /* UserStateFormViewController.swift in Sources */,
				8C244D9F1FD0D6A70002865D /* LoginManager.swift in Sources */,
				C4142FE51FA94ED400F3173E /* WorkoutsTableViewController.swift in Sources */,
				E14CD3B11FC72BCF00D89BA1 /* Exercise.swift in Sources */,
				8CDA501D1FA94CFD00CED50D /* MainTabBarController.swift in Sources */,
				C4142FED1FA96A2100F3173E /* ProgressViewController.swift in Sources */,
				E17AAB1B1FC4D333005247C7 /* PersistanceManager.swift in Sources */,
				8CDA501E1FA94CFD00CED50D /* SettingsViewController.swift in Sources */,
				C4142FE61FA94ED400F3173E /* WorkoutDetailViewController.swift in Sources */,
				E145A5A91FDDE29200B1ADC3 /* TitleView.swift in Sources */,
				E145A5981FDC74EF00B1ADC3 /* ServiceAPI.swift in Sources */,
				8C244D9D1FD0CD740002865D /* MediaPlayer.swift in Sources */,
				E15FEE7B1FCF517600523AD2 /* AppState.swift in Sources */,
				8C244DA51FD0DCFD0002865D /* Playlist.swift in Sources */,
				8C244DA11FD0D9960002865D /* PlaylistViewController.swift in Sources */,
				C4142FE71FA94ED400F3173E /* Workout.swift in Sources */,
				E15FEE771FCF36C300523AD2 /* Course.swift in Sources */,
				E16264031FC51E4700228C9E /* User.swift in Sources */,
				C4142FDD1FA94ECD00F3173E /* Meal.swift in Sources */,
				8CD4C3CA1FDB58EF00D5A564 /* DummyViewController.swift in Sources */,
				8CA125811FDF5F1B00E66368 /* PlaylistTableViewCell.swift in Sources */,
				E1C8292C1FA2B0DB00522204 /* AppDelegate.swift in Sources */,
				8C244DA71FD0DD9B0002865D /* UIColor.swift in Sources */,
				C4647AD21FDB61E40050C3FE /* CreateWorkoutVC.swift in Sources */,
				C4C0485B1FC4F9E60061473A /* NutritionDetailViewController.swift in Sources */,
				C4142FEB1FA959D600F3173E /* SignUpViewController.swift in Sources */,
				E15FEE831FD06F6700523AD2 /* PopularWorkoutCollectionViewCell.swift in Sources */,
				E175C4861FC60A9F0089E72E /* AuthManager.swift in Sources */,
				C4142FDF1FA94ECD00F3173E /* NutritionViewController.swift in Sources */,
				E15FEE871FD0757000523AD2 /* PopularMealPlansDelegate.swift in Sources */,
				E14CD3B91FC7C39600D89BA1 /* HomeViewController.swift in Sources */,
				8CDF7AD71FC4E3E100FB397C /* WorkoutsViewController.swift in Sources */,
				E14CD3B51FC7337100D89BA1 /* UserState.swift in Sources */,
				E15FEE7E1FCF687600523AD2 /* Config.swift in Sources */,
				C4C048591FC4EF9E0061473A /* MealPlan.swift in Sources */,
				E14CD3B31FC7331100D89BA1 /* StateManager.swift in Sources */,
				C41A870F1FD0DB2600D20840 /* CalorieCalculatorVC.swift in Sources */,
				C4C0485D1FC51BFC0061473A /* CheckBox.swift in Sources */,
				C4C048511FC4EA7A0061473A /* NutritionTableViewController.swift in Sources */,
				C4142FE41FA94ED400F3173E /* WorkoutCell.swift in Sources */,
				E145A59E1FDCC8BC00B1ADC3 /* DefaultUser.swift in Sources */,
			);
			runOnlyForDeploymentPostprocessing = 0;
		};
/* End PBXSourcesBuildPhase section */

/* Begin PBXVariantGroup section */
		E1C8292F1FA2B0DB00522204 /* Main.storyboard */ = {
			isa = PBXVariantGroup;
			children = (
				E1C829301FA2B0DB00522204 /* Base */,
			);
			name = Main.storyboard;
			sourceTree = "<group>";
		};
		E1C829371FA2B0DB00522204 /* LaunchScreen.storyboard */ = {
			isa = PBXVariantGroup;
			children = (
				E1C829381FA2B0DB00522204 /* Base */,
			);
			name = LaunchScreen.storyboard;
			sourceTree = "<group>";
		};
/* End PBXVariantGroup section */

/* Begin XCBuildConfiguration section */
		E1C8293B1FA2B0DB00522204 /* Debug */ = {
			isa = XCBuildConfiguration;
			buildSettings = {
				ALWAYS_SEARCH_USER_PATHS = NO;
				CLANG_ANALYZER_NONNULL = YES;
				CLANG_ANALYZER_NUMBER_OBJECT_CONVERSION = YES_AGGRESSIVE;
				CLANG_CXX_LANGUAGE_STANDARD = "gnu++14";
				CLANG_CXX_LIBRARY = "libc++";
				CLANG_ENABLE_MODULES = YES;
				CLANG_ENABLE_OBJC_ARC = YES;
				CLANG_WARN_BLOCK_CAPTURE_AUTORELEASING = YES;
				CLANG_WARN_BOOL_CONVERSION = YES;
				CLANG_WARN_COMMA = YES;
				CLANG_WARN_CONSTANT_CONVERSION = YES;
				CLANG_WARN_DIRECT_OBJC_ISA_USAGE = YES_ERROR;
				CLANG_WARN_DOCUMENTATION_COMMENTS = YES;
				CLANG_WARN_EMPTY_BODY = YES;
				CLANG_WARN_ENUM_CONVERSION = YES;
				CLANG_WARN_INFINITE_RECURSION = YES;
				CLANG_WARN_INT_CONVERSION = YES;
				CLANG_WARN_NON_LITERAL_NULL_CONVERSION = YES;
				CLANG_WARN_OBJC_LITERAL_CONVERSION = YES;
				CLANG_WARN_OBJC_ROOT_CLASS = YES_ERROR;
				CLANG_WARN_RANGE_LOOP_ANALYSIS = YES;
				CLANG_WARN_STRICT_PROTOTYPES = YES;
				CLANG_WARN_SUSPICIOUS_MOVE = YES;
				CLANG_WARN_UNGUARDED_AVAILABILITY = YES_AGGRESSIVE;
				CLANG_WARN_UNREACHABLE_CODE = YES;
				CLANG_WARN__DUPLICATE_METHOD_MATCH = YES;
				CODE_SIGN_IDENTITY = "iPhone Developer";
				COPY_PHASE_STRIP = NO;
				DEBUG_INFORMATION_FORMAT = dwarf;
				ENABLE_STRICT_OBJC_MSGSEND = YES;
				ENABLE_TESTABILITY = YES;
				GCC_C_LANGUAGE_STANDARD = gnu11;
				GCC_DYNAMIC_NO_PIC = NO;
				GCC_NO_COMMON_BLOCKS = YES;
				GCC_OPTIMIZATION_LEVEL = 0;
				GCC_PREPROCESSOR_DEFINITIONS = (
					"DEBUG=1",
					"$(inherited)",
				);
				GCC_WARN_64_TO_32_BIT_CONVERSION = YES;
				GCC_WARN_ABOUT_RETURN_TYPE = YES_ERROR;
				GCC_WARN_UNDECLARED_SELECTOR = YES;
				GCC_WARN_UNINITIALIZED_AUTOS = YES_AGGRESSIVE;
				GCC_WARN_UNUSED_FUNCTION = YES;
				GCC_WARN_UNUSED_VARIABLE = YES;
				IPHONEOS_DEPLOYMENT_TARGET = 11.0;
				MTL_ENABLE_DEBUG_INFO = YES;
				ONLY_ACTIVE_ARCH = YES;
				SDKROOT = iphoneos;
				SWIFT_ACTIVE_COMPILATION_CONDITIONS = DEBUG;
				SWIFT_OPTIMIZATION_LEVEL = "-Onone";
			};
			name = Debug;
		};
		E1C8293C1FA2B0DB00522204 /* Release */ = {
			isa = XCBuildConfiguration;
			buildSettings = {
				ALWAYS_SEARCH_USER_PATHS = NO;
				CLANG_ANALYZER_NONNULL = YES;
				CLANG_ANALYZER_NUMBER_OBJECT_CONVERSION = YES_AGGRESSIVE;
				CLANG_CXX_LANGUAGE_STANDARD = "gnu++14";
				CLANG_CXX_LIBRARY = "libc++";
				CLANG_ENABLE_MODULES = YES;
				CLANG_ENABLE_OBJC_ARC = YES;
				CLANG_WARN_BLOCK_CAPTURE_AUTORELEASING = YES;
				CLANG_WARN_BOOL_CONVERSION = YES;
				CLANG_WARN_COMMA = YES;
				CLANG_WARN_CONSTANT_CONVERSION = YES;
				CLANG_WARN_DIRECT_OBJC_ISA_USAGE = YES_ERROR;
				CLANG_WARN_DOCUMENTATION_COMMENTS = YES;
				CLANG_WARN_EMPTY_BODY = YES;
				CLANG_WARN_ENUM_CONVERSION = YES;
				CLANG_WARN_INFINITE_RECURSION = YES;
				CLANG_WARN_INT_CONVERSION = YES;
				CLANG_WARN_NON_LITERAL_NULL_CONVERSION = YES;
				CLANG_WARN_OBJC_LITERAL_CONVERSION = YES;
				CLANG_WARN_OBJC_ROOT_CLASS = YES_ERROR;
				CLANG_WARN_RANGE_LOOP_ANALYSIS = YES;
				CLANG_WARN_STRICT_PROTOTYPES = YES;
				CLANG_WARN_SUSPICIOUS_MOVE = YES;
				CLANG_WARN_UNGUARDED_AVAILABILITY = YES_AGGRESSIVE;
				CLANG_WARN_UNREACHABLE_CODE = YES;
				CLANG_WARN__DUPLICATE_METHOD_MATCH = YES;
				CODE_SIGN_IDENTITY = "iPhone Developer";
				COPY_PHASE_STRIP = NO;
				DEBUG_INFORMATION_FORMAT = "dwarf-with-dsym";
				ENABLE_NS_ASSERTIONS = NO;
				ENABLE_STRICT_OBJC_MSGSEND = YES;
				GCC_C_LANGUAGE_STANDARD = gnu11;
				GCC_NO_COMMON_BLOCKS = YES;
				GCC_WARN_64_TO_32_BIT_CONVERSION = YES;
				GCC_WARN_ABOUT_RETURN_TYPE = YES_ERROR;
				GCC_WARN_UNDECLARED_SELECTOR = YES;
				GCC_WARN_UNINITIALIZED_AUTOS = YES_AGGRESSIVE;
				GCC_WARN_UNUSED_FUNCTION = YES;
				GCC_WARN_UNUSED_VARIABLE = YES;
				IPHONEOS_DEPLOYMENT_TARGET = 11.0;
				MTL_ENABLE_DEBUG_INFO = NO;
				SDKROOT = iphoneos;
				SWIFT_OPTIMIZATION_LEVEL = "-Owholemodule";
				VALIDATE_PRODUCT = YES;
			};
			name = Release;
		};
		E1C8293E1FA2B0DB00522204 /* Debug */ = {
			isa = XCBuildConfiguration;
			baseConfigurationReference = B44AB520063DBC96F4502F9B /* Pods-gitSwole.debug.xcconfig */;
			buildSettings = {
				ASSETCATALOG_COMPILER_APPICON_NAME = AppIcon;
				CLANG_ENABLE_MODULES = YES;
				CODE_SIGN_STYLE = Automatic;
				DEVELOPMENT_TEAM = BTVWCMDW2D;
				FRAMEWORK_SEARCH_PATHS = (
					"$(inherited)",
					"$(PROJECT_DIR)",
				);
				INFOPLIST_FILE = gitSwole/Info.plist;
				LD_RUNPATH_SEARCH_PATHS = "$(inherited) @executable_path/Frameworks";
				PRODUCT_BUNDLE_IDENTIFIER = com.gitSwoleLLC.gitSwole;
				PRODUCT_NAME = "$(TARGET_NAME)";
				SWIFT_OBJC_BRIDGING_HEADER = "gitSwole/gitSwole-Bridging-Header.h";
				SWIFT_OPTIMIZATION_LEVEL = "-Onone";
				SWIFT_VERSION = 4.0;
				TARGETED_DEVICE_FAMILY = "1,2";
			};
			name = Debug;
		};
		E1C8293F1FA2B0DB00522204 /* Release */ = {
			isa = XCBuildConfiguration;
			baseConfigurationReference = 30F154C6F91BE2EE172DAF0D /* Pods-gitSwole.release.xcconfig */;
			buildSettings = {
				ASSETCATALOG_COMPILER_APPICON_NAME = AppIcon;
				CLANG_ENABLE_MODULES = YES;
				CODE_SIGN_STYLE = Automatic;
				DEVELOPMENT_TEAM = BTVWCMDW2D;
				FRAMEWORK_SEARCH_PATHS = (
					"$(inherited)",
					"$(PROJECT_DIR)",
				);
				INFOPLIST_FILE = gitSwole/Info.plist;
				LD_RUNPATH_SEARCH_PATHS = "$(inherited) @executable_path/Frameworks";
				PRODUCT_BUNDLE_IDENTIFIER = com.gitSwoleLLC.gitSwole;
				PRODUCT_NAME = "$(TARGET_NAME)";
				SWIFT_OBJC_BRIDGING_HEADER = "gitSwole/gitSwole-Bridging-Header.h";
				SWIFT_VERSION = 4.0;
				TARGETED_DEVICE_FAMILY = "1,2";
			};
			name = Release;
		};
/* End XCBuildConfiguration section */

/* Begin XCConfigurationList section */
		E1C829231FA2B0DA00522204 /* Build configuration list for PBXProject "gitSwole" */ = {
			isa = XCConfigurationList;
			buildConfigurations = (
				E1C8293B1FA2B0DB00522204 /* Debug */,
				E1C8293C1FA2B0DB00522204 /* Release */,
			);
			defaultConfigurationIsVisible = 0;
			defaultConfigurationName = Release;
		};
		E1C8293D1FA2B0DB00522204 /* Build configuration list for PBXNativeTarget "gitSwole" */ = {
			isa = XCConfigurationList;
			buildConfigurations = (
				E1C8293E1FA2B0DB00522204 /* Debug */,
				E1C8293F1FA2B0DB00522204 /* Release */,
			);
			defaultConfigurationIsVisible = 0;
			defaultConfigurationName = Release;
		};
/* End XCConfigurationList section */

/* Begin XCVersionGroup section */
		E1C829321FA2B0DB00522204 /* gitSwole.xcdatamodeld */ = {
			isa = XCVersionGroup;
			children = (
				E1C829331FA2B0DB00522204 /* gitSwole.xcdatamodel */,
			);
			currentVersion = E1C829331FA2B0DB00522204 /* gitSwole.xcdatamodel */;
			path = gitSwole.xcdatamodeld;
			sourceTree = "<group>";
			versionGroupType = wrapper.xcdatamodel;
		};
/* End XCVersionGroup section */
	};
	rootObject = E1C829201FA2B0DA00522204 /* Project object */;
}
